// !$*UTF8*$!
{
	archiveVersion = 1;
	classes = {
	};
	objectVersion = 50;
	objects = {

/* Begin PBXBuildFile section */
		8B6CE36F22562CA600A73A87 /* AppDelegate.swift in Sources */ = {isa = PBXBuildFile; fileRef = 8B6CE36E22562CA600A73A87 /* AppDelegate.swift */; };
		8B6CE37122562CA600A73A87 /* MarketsTableViewController.swift in Sources */ = {isa = PBXBuildFile; fileRef = 8B6CE37022562CA600A73A87 /* MarketsTableViewController.swift */; };
		8B6CE37422562CA600A73A87 /* Main.storyboard in Resources */ = {isa = PBXBuildFile; fileRef = 8B6CE37222562CA600A73A87 /* Main.storyboard */; };
		8B6CE37622562CA800A73A87 /* Assets.xcassets in Resources */ = {isa = PBXBuildFile; fileRef = 8B6CE37522562CA800A73A87 /* Assets.xcassets */; };
		8B6CE37922562CA800A73A87 /* LaunchScreen.storyboard in Resources */ = {isa = PBXBuildFile; fileRef = 8B6CE37722562CA800A73A87 /* LaunchScreen.storyboard */; };
		8B6CE38422562CA800A73A87 /* InterviewTests.swift in Sources */ = {isa = PBXBuildFile; fileRef = 8B6CE38322562CA800A73A87 /* InterviewTests.swift */; };
		8B98F71427183E95006B59A2 /* NetworkInterceptor.swift in Sources */ = {isa = PBXBuildFile; fileRef = 8B98F71327183E95006B59A2 /* NetworkInterceptor.swift */; };
		8B98F716271841C2006B59A2 /* markets.json in Resources */ = {isa = PBXBuildFile; fileRef = 8B98F715271841C2006B59A2 /* markets.json */; };
		94DBDE502CC6698800D7DE06 /* MarketsViewModel.swift in Sources */ = {isa = PBXBuildFile; fileRef = 94DBDE4F2CC6698800D7DE06 /* MarketsViewModel.swift */; };
		94DBDE522CC6758700D7DE06 /* Market.swift in Sources */ = {isa = PBXBuildFile; fileRef = 94DBDE512CC6758700D7DE06 /* Market.swift */; };
/* End PBXBuildFile section */

/* Begin PBXContainerItemProxy section */
		8B6CE38022562CA800A73A87 /* PBXContainerItemProxy */ = {
			isa = PBXContainerItemProxy;
			containerPortal = 8B6CE36322562CA600A73A87 /* Project object */;
			proxyType = 1;
			remoteGlobalIDString = 8B6CE36A22562CA600A73A87;
			remoteInfo = Interview;
		};
/* End PBXContainerItemProxy section */

/* Begin PBXFileReference section */
		8B6CE36B22562CA600A73A87 /* Interview.app */ = {isa = PBXFileReference; explicitFileType = wrapper.application; includeInIndex = 0; path = Interview.app; sourceTree = BUILT_PRODUCTS_DIR; };
		8B6CE36E22562CA600A73A87 /* AppDelegate.swift */ = {isa = PBXFileReference; lastKnownFileType = sourcecode.swift; path = AppDelegate.swift; sourceTree = "<group>"; };
		8B6CE37022562CA600A73A87 /* MarketsTableViewController.swift */ = {isa = PBXFileReference; lastKnownFileType = sourcecode.swift; path = MarketsTableViewController.swift; sourceTree = "<group>"; };
		8B6CE37322562CA600A73A87 /* Base */ = {isa = PBXFileReference; lastKnownFileType = file.storyboard; name = Base; path = Base.lproj/Main.storyboard; sourceTree = "<group>"; };
		8B6CE37522562CA800A73A87 /* Assets.xcassets */ = {isa = PBXFileReference; lastKnownFileType = folder.assetcatalog; path = Assets.xcassets; sourceTree = "<group>"; };
		8B6CE37822562CA800A73A87 /* Base */ = {isa = PBXFileReference; lastKnownFileType = file.storyboard; name = Base; path = Base.lproj/LaunchScreen.storyboard; sourceTree = "<group>"; };
		8B6CE37A22562CA800A73A87 /* Info.plist */ = {isa = PBXFileReference; lastKnownFileType = text.plist.xml; path = Info.plist; sourceTree = "<group>"; };
		8B6CE37F22562CA800A73A87 /* InterviewTests.xctest */ = {isa = PBXFileReference; explicitFileType = wrapper.cfbundle; includeInIndex = 0; path = InterviewTests.xctest; sourceTree = BUILT_PRODUCTS_DIR; };
		8B6CE38322562CA800A73A87 /* InterviewTests.swift */ = {isa = PBXFileReference; lastKnownFileType = sourcecode.swift; path = InterviewTests.swift; sourceTree = "<group>"; };
		8B6CE38522562CA800A73A87 /* Info.plist */ = {isa = PBXFileReference; lastKnownFileType = text.plist.xml; path = Info.plist; sourceTree = "<group>"; };
		8B98F71327183E95006B59A2 /* NetworkInterceptor.swift */ = {isa = PBXFileReference; lastKnownFileType = sourcecode.swift; path = NetworkInterceptor.swift; sourceTree = "<group>"; };
		8B98F715271841C2006B59A2 /* markets.json */ = {isa = PBXFileReference; lastKnownFileType = text.json; path = markets.json; sourceTree = "<group>"; };
		94DBDE4F2CC6698800D7DE06 /* MarketsViewModel.swift */ = {isa = PBXFileReference; lastKnownFileType = sourcecode.swift; path = MarketsViewModel.swift; sourceTree = "<group>"; };
		94DBDE512CC6758700D7DE06 /* Market.swift */ = {isa = PBXFileReference; lastKnownFileType = sourcecode.swift; path = Market.swift; sourceTree = "<group>"; };
/* End PBXFileReference section */

/* Begin PBXFrameworksBuildPhase section */
		8B6CE36822562CA600A73A87 /* Frameworks */ = {
			isa = PBXFrameworksBuildPhase;
			buildActionMask = 2147483647;
			files = (
			);
			runOnlyForDeploymentPostprocessing = 0;
		};
		8B6CE37C22562CA800A73A87 /* Frameworks */ = {
			isa = PBXFrameworksBuildPhase;
			buildActionMask = 2147483647;
			files = (
			);
			runOnlyForDeploymentPostprocessing = 0;
		};
/* End PBXFrameworksBuildPhase section */

/* Begin PBXGroup section */
		8B6CE36222562CA600A73A87 = {
			isa = PBXGroup;
			children = (
				8B6CE36D22562CA600A73A87 /* Interview */,
				8B6CE38222562CA800A73A87 /* InterviewTests */,
				8B6CE36C22562CA600A73A87 /* Products */,
			);
			sourceTree = "<group>";
		};
		8B6CE36C22562CA600A73A87 /* Products */ = {
			isa = PBXGroup;
			children = (
				8B6CE36B22562CA600A73A87 /* Interview.app */,
				8B6CE37F22562CA800A73A87 /* InterviewTests.xctest */,
			);
			name = Products;
			sourceTree = "<group>";
		};
		8B6CE36D22562CA600A73A87 /* Interview */ = {
			isa = PBXGroup;
			children = (
				8B6CE36E22562CA600A73A87 /* AppDelegate.swift */,
				8B6CE37222562CA600A73A87 /* Main.storyboard */,
				8B6CE37522562CA800A73A87 /* Assets.xcassets */,
				8B6CE37722562CA800A73A87 /* LaunchScreen.storyboard */,
				8B6CE37A22562CA800A73A87 /* Info.plist */,
				94DBDE532CC675A900D7DE06 /* Market Table */,
				8B98F71227183E63006B59A2 /* Interceptor */,
			);
			path = Interview;
			sourceTree = "<group>";
		};
		8B6CE38222562CA800A73A87 /* InterviewTests */ = {
			isa = PBXGroup;
			children = (
				8B6CE38322562CA800A73A87 /* InterviewTests.swift */,
				8B6CE38522562CA800A73A87 /* Info.plist */,
			);
			path = InterviewTests;
			sourceTree = "<group>";
		};
		8B98F71227183E63006B59A2 /* Interceptor */ = {
			isa = PBXGroup;
			children = (
				8B98F71327183E95006B59A2 /* NetworkInterceptor.swift */,
				8B98F715271841C2006B59A2 /* markets.json */,
			);
			path = Interceptor;
			sourceTree = "<group>";
		};
		94DBDE532CC675A900D7DE06 /* Market Table */ = {
			isa = PBXGroup;
			children = (
				94DBDE4F2CC6698800D7DE06 /* MarketsViewModel.swift */,
				8B6CE37022562CA600A73A87 /* MarketsTableViewController.swift */,
				94DBDE512CC6758700D7DE06 /* Market.swift */,
			);
			path = "Market Table";
			sourceTree = "<group>";
		};
/* End PBXGroup section */

/* Begin PBXNativeTarget section */
		8B6CE36A22562CA600A73A87 /* Interview */ = {
			isa = PBXNativeTarget;
			buildConfigurationList = 8B6CE38822562CA800A73A87 /* Build configuration list for PBXNativeTarget "Interview" */;
			buildPhases = (
				8B6CE36722562CA600A73A87 /* Sources */,
				8B6CE36822562CA600A73A87 /* Frameworks */,
				8B6CE36922562CA600A73A87 /* Resources */,
			);
			buildRules = (
			);
			dependencies = (
			);
			name = Interview;
			productName = Interview;
			productReference = 8B6CE36B22562CA600A73A87 /* Interview.app */;
			productType = "com.apple.product-type.application";
		};
		8B6CE37E22562CA800A73A87 /* InterviewTests */ = {
			isa = PBXNativeTarget;
			buildConfigurationList = 8B6CE38B22562CA800A73A87 /* Build configuration list for PBXNativeTarget "InterviewTests" */;
			buildPhases = (
				8B6CE37B22562CA800A73A87 /* Sources */,
				8B6CE37C22562CA800A73A87 /* Frameworks */,
				8B6CE37D22562CA800A73A87 /* Resources */,
			);
			buildRules = (
			);
			dependencies = (
				8B6CE38122562CA800A73A87 /* PBXTargetDependency */,
			);
			name = InterviewTests;
			productName = InterviewTests;
			productReference = 8B6CE37F22562CA800A73A87 /* InterviewTests.xctest */;
			productType = "com.apple.product-type.bundle.unit-test";
		};
/* End PBXNativeTarget section */

/* Begin PBXProject section */
		8B6CE36322562CA600A73A87 /* Project object */ = {
			isa = PBXProject;
			attributes = {
				LastSwiftUpdateCheck = 1020;
				LastUpgradeCheck = 1020;
				ORGANIZATIONNAME = AJBell;
				TargetAttributes = {
					8B6CE36A22562CA600A73A87 = {
						CreatedOnToolsVersion = 10.2;
					};
					8B6CE37E22562CA800A73A87 = {
						CreatedOnToolsVersion = 10.2;
						TestTargetID = 8B6CE36A22562CA600A73A87;
					};
				};
			};
			buildConfigurationList = 8B6CE36622562CA600A73A87 /* Build configuration list for PBXProject "Interview" */;
			compatibilityVersion = "Xcode 9.3";
			developmentRegion = en;
			hasScannedForEncodings = 0;
			knownRegions = (
				en,
				Base,
			);
			mainGroup = 8B6CE36222562CA600A73A87;
			productRefGroup = 8B6CE36C22562CA600A73A87 /* Products */;
			projectDirPath = "";
			projectRoot = "";
			targets = (
				8B6CE36A22562CA600A73A87 /* Interview */,
				8B6CE37E22562CA800A73A87 /* InterviewTests */,
			);
		};
/* End PBXProject section */

/* Begin PBXResourcesBuildPhase section */
		8B6CE36922562CA600A73A87 /* Resources */ = {
			isa = PBXResourcesBuildPhase;
			buildActionMask = 2147483647;
			files = (
				8B6CE37922562CA800A73A87 /* LaunchScreen.storyboard in Resources */,
				8B6CE37622562CA800A73A87 /* Assets.xcassets in Resources */,
				8B6CE37422562CA600A73A87 /* Main.storyboard in Resources */,
				8B98F716271841C2006B59A2 /* markets.json in Resources */,
			);
			runOnlyForDeploymentPostprocessing = 0;
		};
		8B6CE37D22562CA800A73A87 /* Resources */ = {
			isa = PBXResourcesBuildPhase;
			buildActionMask = 2147483647;
			files = (
			);
			runOnlyForDeploymentPostprocessing = 0;
		};
/* End PBXResourcesBuildPhase section */

/* Begin PBXSourcesBuildPhase section */
		8B6CE36722562CA600A73A87 /* Sources */ = {
			isa = PBXSourcesBuildPhase;
			buildActionMask = 2147483647;
			files = (
				8B6CE37122562CA600A73A87 /* MarketsTableViewController.swift in Sources */,
				8B6CE36F22562CA600A73A87 /* AppDelegate.swift in Sources */,
				8B98F71427183E95006B59A2 /* NetworkInterceptor.swift in Sources */,
				94DBDE502CC6698800D7DE06 /* MarketsViewModel.swift in Sources */,
				94DBDE522CC6758700D7DE06 /* Market.swift in Sources */,
			);
			runOnlyForDeploymentPostprocessing = 0;
		};
		8B6CE37B22562CA800A73A87 /* Sources */ = {
			isa = PBXSourcesBuildPhase;
			buildActionMask = 2147483647;
			files = (
				8B6CE38422562CA800A73A87 /* InterviewTests.swift in Sources */,
			);
			runOnlyForDeploymentPostprocessing = 0;
		};
/* End PBXSourcesBuildPhase section */

/* Begin PBXTargetDependency section */
		8B6CE38122562CA800A73A87 /* PBXTargetDependency */ = {
			isa = PBXTargetDependency;
			target = 8B6CE36A22562CA600A73A87 /* Interview */;
			targetProxy = 8B6CE38022562CA800A73A87 /* PBXContainerItemProxy */;
		};
/* End PBXTargetDependency section */

/* Begin PBXVariantGroup section */
		8B6CE37222562CA600A73A87 /* Main.storyboard */ = {
			isa = PBXVariantGroup;
			children = (
				8B6CE37322562CA600A73A87 /* Base */,
			);
			name = Main.storyboard;
			sourceTree = "<group>";
		};
		8B6CE37722562CA800A73A87 /* LaunchScreen.storyboard */ = {
			isa = PBXVariantGroup;
			children = (
				8B6CE37822562CA800A73A87 /* Base */,
			);
			name = LaunchScreen.storyboard;
			sourceTree = "<group>";
		};
/* End PBXVariantGroup section */

/* Begin XCBuildConfiguration section */
		8B6CE38622562CA800A73A87 /* Debug */ = {
			isa = XCBuildConfiguration;
			buildSettings = {
				ALWAYS_SEARCH_USER_PATHS = NO;
				CLANG_ANALYZER_NONNULL = YES;
				CLANG_ANALYZER_NUMBER_OBJECT_CONVERSION = YES_AGGRESSIVE;
				CLANG_CXX_LANGUAGE_STANDARD = "gnu++14";
				CLANG_CXX_LIBRARY = "libc++";
				CLANG_ENABLE_MODULES = YES;
				CLANG_ENABLE_OBJC_ARC = YES;
				CLANG_ENABLE_OBJC_WEAK = YES;
				CLANG_WARN_BLOCK_CAPTURE_AUTORELEASING = YES;
				CLANG_WARN_BOOL_CONVERSION = YES;
				CLANG_WARN_COMMA = YES;
				CLANG_WARN_CONSTANT_CONVERSION = YES;
				CLANG_WARN_DEPRECATED_OBJC_IMPLEMENTATIONS = YES;
				CLANG_WARN_DIRECT_OBJC_ISA_USAGE = YES_ERROR;
				CLANG_WARN_DOCUMENTATION_COMMENTS = YES;
				CLANG_WARN_EMPTY_BODY = YES;
				CLANG_WARN_ENUM_CONVERSION = YES;
				CLANG_WARN_INFINITE_RECURSION = YES;
				CLANG_WARN_INT_CONVERSION = YES;
				CLANG_WARN_NON_LITERAL_NULL_CONVERSION = YES;
				CLANG_WARN_OBJC_IMPLICIT_RETAIN_SELF = YES;
				CLANG_WARN_OBJC_LITERAL_CONVERSION = YES;
				CLANG_WARN_OBJC_ROOT_CLASS = YES_ERROR;
				CLANG_WARN_RANGE_LOOP_ANALYSIS = YES;
				CLANG_WARN_STRICT_PROTOTYPES = YES;
				CLANG_WARN_SUSPICIOUS_MOVE = YES;
				CLANG_WARN_UNGUARDED_AVAILABILITY = YES_AGGRESSIVE;
				CLANG_WARN_UNREACHABLE_CODE = YES;
				CLANG_WARN__DUPLICATE_METHOD_MATCH = YES;
				CODE_SIGN_IDENTITY = "iPhone Developer";
				COPY_PHASE_STRIP = NO;
				DEBUG_INFORMATION_FORMAT = dwarf;
				ENABLE_STRICT_OBJC_MSGSEND = YES;
				ENABLE_TESTABILITY = YES;
				GCC_C_LANGUAGE_STANDARD = gnu11;
				GCC_DYNAMIC_NO_PIC = NO;
				GCC_NO_COMMON_BLOCKS = YES;
				GCC_OPTIMIZATION_LEVEL = 0;
				GCC_PREPROCESSOR_DEFINITIONS = (
					"DEBUG=1",
					"$(inherited)",
				);
				GCC_WARN_64_TO_32_BIT_CONVERSION = YES;
				GCC_WARN_ABOUT_RETURN_TYPE = YES_ERROR;
				GCC_WARN_UNDECLARED_SELECTOR = YES;
				GCC_WARN_UNINITIALIZED_AUTOS = YES_AGGRESSIVE;
				GCC_WARN_UNUSED_FUNCTION = YES;
				GCC_WARN_UNUSED_VARIABLE = YES;
				IPHONEOS_DEPLOYMENT_TARGET = 12.2;
				MTL_ENABLE_DEBUG_INFO = INCLUDE_SOURCE;
				MTL_FAST_MATH = YES;
				ONLY_ACTIVE_ARCH = YES;
				SDKROOT = iphoneos;
				SWIFT_ACTIVE_COMPILATION_CONDITIONS = DEBUG;
				SWIFT_OPTIMIZATION_LEVEL = "-Onone";
			};
			name = Debug;
		};
		8B6CE38722562CA800A73A87 /* Release */ = {
			isa = XCBuildConfiguration;
			buildSettings = {
				ALWAYS_SEARCH_USER_PATHS = NO;
				CLANG_ANALYZER_NONNULL = YES;
				CLANG_ANALYZER_NUMBER_OBJECT_CONVERSION = YES_AGGRESSIVE;
				CLANG_CXX_LANGUAGE_STANDARD = "gnu++14";
				CLANG_CXX_LIBRARY = "libc++";
				CLANG_ENABLE_MODULES = YES;
				CLANG_ENABLE_OBJC_ARC = YES;
				CLANG_ENABLE_OBJC_WEAK = YES;
				CLANG_WARN_BLOCK_CAPTURE_AUTORELEASING = YES;
				CLANG_WARN_BOOL_CONVERSION = YES;
				CLANG_WARN_COMMA = YES;
				CLANG_WARN_CONSTANT_CONVERSION = YES;
				CLANG_WARN_DEPRECATED_OBJC_IMPLEMENTATIONS = YES;
				CLANG_WARN_DIRECT_OBJC_ISA_USAGE = YES_ERROR;
				CLANG_WARN_DOCUMENTATION_COMMENTS = YES;
				CLANG_WARN_EMPTY_BODY = YES;
				CLANG_WARN_ENUM_CONVERSION = YES;
				CLANG_WARN_INFINITE_RECURSION = YES;
				CLANG_WARN_INT_CONVERSION = YES;
				CLANG_WARN_NON_LITERAL_NULL_CONVERSION = YES;
				CLANG_WARN_OBJC_IMPLICIT_RETAIN_SELF = YES;
				CLANG_WARN_OBJC_LITERAL_CONVERSION = YES;
				CLANG_WARN_OBJC_ROOT_CLASS = YES_ERROR;
				CLANG_WARN_RANGE_LOOP_ANALYSIS = YES;
				CLANG_WARN_STRICT_PROTOTYPES = YES;
				CLANG_WARN_SUSPICIOUS_MOVE = YES;
				CLANG_WARN_UNGUARDED_AVAILABILITY = YES_AGGRESSIVE;
				CLANG_WARN_UNREACHABLE_CODE = YES;
				CLANG_WARN__DUPLICATE_METHOD_MATCH = YES;
				CODE_SIGN_IDENTITY = "iPhone Developer";
				COPY_PHASE_STRIP = NO;
				DEBUG_INFORMATION_FORMAT = "dwarf-with-dsym";
				ENABLE_NS_ASSERTIONS = NO;
				ENABLE_STRICT_OBJC_MSGSEND = YES;
				GCC_C_LANGUAGE_STANDARD = gnu11;
				GCC_NO_COMMON_BLOCKS = YES;
				GCC_WARN_64_TO_32_BIT_CONVERSION = YES;
				GCC_WARN_ABOUT_RETURN_TYPE = YES_ERROR;
				GCC_WARN_UNDECLARED_SELECTOR = YES;
				GCC_WARN_UNINITIALIZED_AUTOS = YES_AGGRESSIVE;
				GCC_WARN_UNUSED_FUNCTION = YES;
				GCC_WARN_UNUSED_VARIABLE = YES;
				IPHONEOS_DEPLOYMENT_TARGET = 12.2;
				MTL_ENABLE_DEBUG_INFO = NO;
				MTL_FAST_MATH = YES;
				SDKROOT = iphoneos;
				SWIFT_COMPILATION_MODE = wholemodule;
				SWIFT_OPTIMIZATION_LEVEL = "-O";
				VALIDATE_PRODUCT = YES;
			};
			name = Release;
		};
		8B6CE38922562CA800A73A87 /* Debug */ = {
			isa = XCBuildConfiguration;
			buildSettings = {
				ASSETCATALOG_COMPILER_APPICON_NAME = AppIcon;
				CODE_SIGN_STYLE = Automatic;
				DEVELOPMENT_TEAM = RGSJ47WJ67;
				INFOPLIST_FILE = Interview/Info.plist;
				IPHONEOS_DEPLOYMENT_TARGET = 13.0;
				LD_RUNPATH_SEARCH_PATHS = (
					"$(inherited)",
					"@executable_path/Frameworks",
				);
				PRODUCT_BUNDLE_IDENTIFIER = com.project.Interview;
				PRODUCT_NAME = "$(TARGET_NAME)";
				SWIFT_VERSION = 5.0;
				TARGETED_DEVICE_FAMILY = "1,2";
			};
			name = Debug;
		};
		8B6CE38A22562CA800A73A87 /* Release */ = {
			isa = XCBuildConfiguration;
			buildSettings = {
				ASSETCATALOG_COMPILER_APPICON_NAME = AppIcon;
				CODE_SIGN_STYLE = Automatic;
				DEVELOPMENT_TEAM = RGSJ47WJ67;
				INFOPLIST_FILE = Interview/Info.plist;
				IPHONEOS_DEPLOYMENT_TARGET = 13.0;
				LD_RUNPATH_SEARCH_PATHS = (
					"$(inherited)",
					"@executable_path/Frameworks",
				);
				PRODUCT_BUNDLE_IDENTIFIER = com.project.Interview;
				PRODUCT_NAME = "$(TARGET_NAME)";
				SWIFT_VERSION = 5.0;
				TARGETED_DEVICE_FAMILY = "1,2";
			};
			name = Release;
		};
		8B6CE38C22562CA800A73A87 /* Debug */ = {
			isa = XCBuildConfiguration;
			buildSettings = {
				ALWAYS_EMBED_SWIFT_STANDARD_LIBRARIES = YES;
				BUNDLE_LOADER = "$(TEST_HOST)";
				CODE_SIGN_STYLE = Automatic;
				DEVELOPMENT_TEAM = RGSJ47WJ67;
				INFOPLIST_FILE = InterviewTests/Info.plist;
				IPHONEOS_DEPLOYMENT_TARGET = 13;
				LD_RUNPATH_SEARCH_PATHS = (
					"$(inherited)",
					"@executable_path/Frameworks",
					"@loader_path/Frameworks",
				);
				PRODUCT_BUNDLE_IDENTIFIER = com.project.InterviewTests;
				PRODUCT_NAME = "$(TARGET_NAME)";
				SWIFT_VERSION = 5.0;
				TARGETED_DEVICE_FAMILY = "1,2";
				TEST_HOST = "$(BUILT_PRODUCTS_DIR)/Interview.app/Interview";
			};
			name = Debug;
		};
		8B6CE38D22562CA800A73A87 /* Release */ = {
			isa = XCBuildConfiguration;
			buildSettings = {
				ALWAYS_EMBED_SWIFT_STANDARD_LIBRARIES = YES;
				BUNDLE_LOADER = "$(TEST_HOST)";
				CODE_SIGN_STYLE = Automatic;
				DEVELOPMENT_TEAM = RGSJ47WJ67;
				INFOPLIST_FILE = InterviewTests/Info.plist;
				IPHONEOS_DEPLOYMENT_TARGET = 13;
				LD_RUNPATH_SEARCH_PATHS = (
					"$(inherited)",
					"@executable_path/Frameworks",
					"@loader_path/Frameworks",
				);
				PRODUCT_BUNDLE_IDENTIFIER = com.project.InterviewTests;
				PRODUCT_NAME = "$(TARGET_NAME)";
				SWIFT_VERSION = 5.0;
				TARGETED_DEVICE_FAMILY = "1,2";
				TEST_HOST = "$(BUILT_PRODUCTS_DIR)/Interview.app/Interview";
			};
			name = Release;
		};
/* End XCBuildConfiguration section */

/* Begin XCConfigurationList section */
		8B6CE36622562CA600A73A87 /* Build configuration list for PBXProject "Interview" */ = {
			isa = XCConfigurationList;
			buildConfigurations = (
				8B6CE38622562CA800A73A87 /* Debug */,
				8B6CE38722562CA800A73A87 /* Release */,
			);
			defaultConfigurationIsVisible = 0;
			defaultConfigurationName = Release;
		};
		8B6CE38822562CA800A73A87 /* Build configuration list for PBXNativeTarget "Interview" */ = {
			isa = XCConfigurationList;
			buildConfigurations = (
				8B6CE38922562CA800A73A87 /* Debug */,
				8B6CE38A22562CA800A73A87 /* Release */,
			);
			defaultConfigurationIsVisible = 0;
			defaultConfigurationName = Release;
		};
		8B6CE38B22562CA800A73A87 /* Build configuration list for PBXNativeTarget "InterviewTests" */ = {
			isa = XCConfigurationList;
			buildConfigurations = (
				8B6CE38C22562CA800A73A87 /* Debug */,
				8B6CE38D22562CA800A73A87 /* Release */,
			);
			defaultConfigurationIsVisible = 0;
			defaultConfigurationName = Release;
		};
/* End XCConfigurationList section */
	};
	rootObject = 8B6CE36322562CA600A73A87 /* Project object */;
}
